
Microsoft Visual Studio Solution File, Format Version 12.00
# Visual Studio Version 17
VisualStudioVersion = 17.7.34024.191
MinimumVisualStudioVersion = 10.0.40219.1
Project("{FAE04EC0-301F-11D3-BF4B-00C04F79EFBC}") = "AddressBookLibrary", "AddressBookLibrary\AddressBookLibrary.csproj", "{13A2DE29-77F1-4A77-B69D-3222C3BE362E}"
EndProject
Project("{FAE04EC0-301F-11D3-BF4B-00C04F79EFBC}") = "AddressBookUI", "AddressBookUI\AddressBookUI.csproj", "{5474AB9D-6D3C-4E0D-852A-CFC2FD15BAEF}"
EndProject
Global
	GlobalSection(SolutionConfigurationPlatforms) = preSolution
		Debug|Any CPU = Debug|Any CPU
		Release|Any CPU = Release|Any CPU
	EndGlobalSection
	GlobalSection(ProjectConfigurationPlatforms) = postSolution
		{13A2DE29-77F1-4A77-B69D-3222C3BE362E}.Debug|Any CPU.ActiveCfg = Debug|Any CPU
		{13A2DE29-77F1-4A77-B69D-3222C3BE362E}.Debug|Any CPU.Build.0 = Debug|Any CPU
		{13A2DE29-77F1-4A77-B69D-3222C3BE362E}.Release|Any CPU.ActiveCfg = Release|Any CPU
		{13A2DE29-77F1-4A77-B69D-3222C3BE362E}.Release|Any CPU.Build.0 = Release|Any CPU
		{5474AB9D-6D3C-4E0D-852A-CFC2FD15BAEF}.Debug|Any CPU.ActiveCfg = Debug|Any CPU
		{5474AB9D-6D3C-4E0D-852A-CFC2FD15BAEF}.Debug|Any CPU.Build.0 = Debug|Any CPU
		{5474AB9D-6D3C-4E0D-852A-CFC2FD15BAEF}.Release|Any CPU.ActiveCfg = Release|Any CPU
		{5474AB9D-6D3C-4E0D-852A-CFC2FD15BAEF}.Release|Any CPU.Build.0 = Release|Any CPU
	EndGlobalSection
	GlobalSection(SolutionProperties) = preSolution
		HideSolutionNode = FALSE
	EndGlobalSection
	GlobalSection(ExtensibilityGlobals) = postSolution
		SolutionGuid = {7BDF79CD-27AB-42D2-951D-0EA38A26B59A}
	EndGlobalSection
EndGlobal
