
Microsoft Visual Studio Solution File, Format Version 12.00
# Visual Studio Version 17
VisualStudioVersion = 17.7.34024.191
MinimumVisualStudioVersion = 10.0.40219.1
Project("{FAE04EC0-301F-11D3-BF4B-00C04F79EFBC}") = "AddressBookLibrary", "AddressBookLibrary\AddressBookLibrary.csproj", "{C0B08A12-6637-4919-9C4C-46DE0167E666}"
EndProject
Project("{FAE04EC0-301F-11D3-BF4B-00C04F79EFBC}") = "AddressBookUI", "AddressBookUI\AddressBookUI.csproj", "{8A5EC3FE-23C3-4E31-BAD3-87E06828D4B6}"
EndProject
Global
	GlobalSection(SolutionConfigurationPlatforms) = preSolution
		Debug|Any CPU = Debug|Any CPU
		Release|Any CPU = Release|Any CPU
	EndGlobalSection
	GlobalSection(ProjectConfigurationPlatforms) = postSolution
		{C0B08A12-6637-4919-9C4C-46DE0167E666}.Debug|Any CPU.ActiveCfg = Debug|Any CPU
		{C0B08A12-6637-4919-9C4C-46DE0167E666}.Debug|Any CPU.Build.0 = Debug|Any CPU
		{C0B08A12-6637-4919-9C4C-46DE0167E666}.Release|Any CPU.ActiveCfg = Release|Any CPU
		{C0B08A12-6637-4919-9C4C-46DE0167E666}.Release|Any CPU.Build.0 = Release|Any CPU
		{8A5EC3FE-23C3-4E31-BAD3-87E06828D4B6}.Debug|Any CPU.ActiveCfg = Debug|Any CPU
		{8A5EC3FE-23C3-4E31-BAD3-87E06828D4B6}.Debug|Any CPU.Build.0 = Debug|Any CPU
		{8A5EC3FE-23C3-4E31-BAD3-87E06828D4B6}.Release|Any CPU.ActiveCfg = Release|Any CPU
		{8A5EC3FE-23C3-4E31-BAD3-87E06828D4B6}.Release|Any CPU.Build.0 = Release|Any CPU
	EndGlobalSection
	GlobalSection(SolutionProperties) = preSolution
		HideSolutionNode = FALSE
	EndGlobalSection
	GlobalSection(ExtensibilityGlobals) = postSolution
		SolutionGuid = {7BDF79CD-27AB-42D2-951D-0EA38A26B59A}
	EndGlobalSection
EndGlobal
